
Microsoft Visual Studio Solution File, Format Version 12.00
# Visual Studio Version 17
VisualStudioVersion = 17.4.33110.190
MinimumVisualStudioVersion = 10.0.40219.1
Project("{FAE04EC0-301F-11D3-BF4B-00C04F79EFBC}") = "downloader", "downloader\downloader.csproj", "{669F46F0-92BF-4FE9-9117-7E0153EFF236}"
EndProject
Global
	GlobalSection(SolutionConfigurationPlatforms) = preSolution
		Debug|Any CPU = Debug|Any CPU
		Release|Any CPU = Release|Any CPU
	EndGlobalSection
	GlobalSection(ProjectConfigurationPlatforms) = postSolution
		{669F46F0-92BF-4FE9-9117-7E0153EFF236}.Debug|Any CPU.ActiveCfg = Debug|Any CPU
		{669F46F0-92BF-4FE9-9117-7E0153EFF236}.Debug|Any CPU.Build.0 = Debug|Any CPU
		{669F46F0-92BF-4FE9-9117-7E0153EFF236}.Release|Any CPU.ActiveCfg = Release|Any CPU
		{669F46F0-92BF-4FE9-9117-7E0153EFF236}.Release|Any CPU.Build.0 = Release|Any CPU
	EndGlobalSection
	GlobalSection(SolutionProperties) = preSolution
		HideSolutionNode = FALSE
	EndGlobalSection
	GlobalSection(ExtensibilityGlobals) = postSolution
		SolutionGuid = {DE956443-DC9B-4016-BD69-BA100FFECAA9}
	EndGlobalSection
EndGlobal
